
Microsoft Visual Studio Solution File, Format Version 12.00
# Visual Studio 15
VisualStudioVersion = 15.0.27703.2026
MinimumVisualStudioVersion = 10.0.40219.1
Project("{9A19103F-16F7-4668-BE54-9A1E7A4F7556}") = "DMS.GrpcConsul.Hosting", "DMS.GrpcConsul.Hosting\DMS.GrpcConsul.Hosting.csproj", "{00E04F11-612A-48B7-A11C-126966999D8B}"
EndProject
Project("{9A19103F-16F7-4668-BE54-9A1E7A4F7556}") = "DMS.GrpcConsul.Protocol", "DMS.GrpcConsul.Protocol\DMS.GrpcConsul.Protocol.csproj", "{F82219A2-1E7E-4E44-B27F-C64F138193FD}"
EndProject
Project("{9A19103F-16F7-4668-BE54-9A1E7A4F7556}") = "DMS.GrpcConsul.Impl", "DMS.GrpcConsul.Impl\DMS.GrpcConsul.Impl.csproj", "{3DD722BE-0CE1-4E62-869D-96090D25A2C6}"
EndProject
Project("{FAE04EC0-301F-11D3-BF4B-00C04F79EFBC}") = "DMS.GrpcConsul.Client", "DMS.GrpcConsul.Client\DMS.GrpcConsul.Client.csproj", "{79736718-EA7A-40E3-A645-2C179E7C5C5F}"
EndProject
Global
	GlobalSection(SolutionConfigurationPlatforms) = preSolution
		Debug|Any CPU = Debug|Any CPU
		Release|Any CPU = Release|Any CPU
	EndGlobalSection
	GlobalSection(ProjectConfigurationPlatforms) = postSolution
		{00E04F11-612A-48B7-A11C-126966999D8B}.Debug|Any CPU.ActiveCfg = Debug|Any CPU
		{00E04F11-612A-48B7-A11C-126966999D8B}.Debug|Any CPU.Build.0 = Debug|Any CPU
		{00E04F11-612A-48B7-A11C-126966999D8B}.Release|Any CPU.ActiveCfg = Release|Any CPU
		{00E04F11-612A-48B7-A11C-126966999D8B}.Release|Any CPU.Build.0 = Release|Any CPU
		{F82219A2-1E7E-4E44-B27F-C64F138193FD}.Debug|Any CPU.ActiveCfg = Debug|Any CPU
		{F82219A2-1E7E-4E44-B27F-C64F138193FD}.Debug|Any CPU.Build.0 = Debug|Any CPU
		{F82219A2-1E7E-4E44-B27F-C64F138193FD}.Release|Any CPU.ActiveCfg = Release|Any CPU
		{F82219A2-1E7E-4E44-B27F-C64F138193FD}.Release|Any CPU.Build.0 = Release|Any CPU
		{3DD722BE-0CE1-4E62-869D-96090D25A2C6}.Debug|Any CPU.ActiveCfg = Debug|Any CPU
		{3DD722BE-0CE1-4E62-869D-96090D25A2C6}.Debug|Any CPU.Build.0 = Debug|Any CPU
		{3DD722BE-0CE1-4E62-869D-96090D25A2C6}.Release|Any CPU.ActiveCfg = Release|Any CPU
		{3DD722BE-0CE1-4E62-869D-96090D25A2C6}.Release|Any CPU.Build.0 = Release|Any CPU
		{79736718-EA7A-40E3-A645-2C179E7C5C5F}.Debug|Any CPU.ActiveCfg = Debug|Any CPU
		{79736718-EA7A-40E3-A645-2C179E7C5C5F}.Debug|Any CPU.Build.0 = Debug|Any CPU
		{79736718-EA7A-40E3-A645-2C179E7C5C5F}.Release|Any CPU.ActiveCfg = Release|Any CPU
		{79736718-EA7A-40E3-A645-2C179E7C5C5F}.Release|Any CPU.Build.0 = Release|Any CPU
	EndGlobalSection
	GlobalSection(SolutionProperties) = preSolution
		HideSolutionNode = FALSE
	EndGlobalSection
	GlobalSection(ExtensibilityGlobals) = postSolution
		SolutionGuid = {91F1851F-54C3-4EB1-AF25-9140323C7737}
	EndGlobalSection
EndGlobal
